// !$*UTF8*$!
{
	archiveVersion = 1;
	classes = {
	};
	objectVersion = 46;
	objects = {

/* Begin PBXBuildFile section */
		83DA713E1F4D051600570929 /* AppDelegate.swift in Sources */ = {isa = PBXBuildFile; fileRef = 83DA713D1F4D051600570929 /* AppDelegate.swift */; };
		83DA71401F4D051600570929 /* ViewController.swift in Sources */ = {isa = PBXBuildFile; fileRef = 83DA713F1F4D051600570929 /* ViewController.swift */; };
		83DA71431F4D051600570929 /* Main.storyboard in Resources */ = {isa = PBXBuildFile; fileRef = 83DA71411F4D051600570929 /* Main.storyboard */; };
		83DA71451F4D051600570929 /* Assets.xcassets in Resources */ = {isa = PBXBuildFile; fileRef = 83DA71441F4D051600570929 /* Assets.xcassets */; };
		83DA71481F4D051600570929 /* LaunchScreen.storyboard in Resources */ = {isa = PBXBuildFile; fileRef = 83DA71461F4D051600570929 /* LaunchScreen.storyboard */; };
		83DA71501F4D05F500570929 /* logo.png in Resources */ = {isa = PBXBuildFile; fileRef = 83DA714F1F4D05F500570929 /* logo.png */; };
/* End PBXBuildFile section */

/* Begin PBXFileReference section */
		83DA713A1F4D051600570929 /* Gasolina ou Alcohol.app */ = {isa = PBXFileReference; explicitFileType = wrapper.application; includeInIndex = 0; path = "Gasolina ou Alcohol.app"; sourceTree = BUILT_PRODUCTS_DIR; };
		83DA713D1F4D051600570929 /* AppDelegate.swift */ = {isa = PBXFileReference; lastKnownFileType = sourcecode.swift; path = AppDelegate.swift; sourceTree = "<group>"; };
		83DA713F1F4D051600570929 /* ViewController.swift */ = {isa = PBXFileReference; lastKnownFileType = sourcecode.swift; path = ViewController.swift; sourceTree = "<group>"; };
		83DA71421F4D051600570929 /* Base */ = {isa = PBXFileReference; lastKnownFileType = file.storyboard; name = Base; path = Base.lproj/Main.storyboard; sourceTree = "<group>"; };
		83DA71441F4D051600570929 /* Assets.xcassets */ = {isa = PBXFileReference; lastKnownFileType = folder.assetcatalog; path = Assets.xcassets; sourceTree = "<group>"; };
		83DA71471F4D051600570929 /* Base */ = {isa = PBXFileReference; lastKnownFileType = file.storyboard; name = Base; path = Base.lproj/LaunchScreen.storyboard; sourceTree = "<group>"; };
		83DA71491F4D051600570929 /* Info.plist */ = {isa = PBXFileReference; lastKnownFileType = text.plist.xml; path = Info.plist; sourceTree = "<group>"; };
		83DA714F1F4D05F500570929 /* logo.png */ = {isa = PBXFileReference; lastKnownFileType = image.png; path = logo.png; sourceTree = "<group>"; };
/* End PBXFileReference section */

/* Begin PBXFrameworksBuildPhase section */
		83DA71371F4D051600570929 /* Frameworks */ = {
			isa = PBXFrameworksBuildPhase;
			buildActionMask = 2147483647;
			files = (
			);
			runOnlyForDeploymentPostprocessing = 0;
		};
/* End PBXFrameworksBuildPhase section */

/* Begin PBXGroup section */
		83DA71311F4D051600570929 = {
			isa = PBXGroup;
			children = (
				83DA713C1F4D051600570929 /* Gasolina ou Alcohol */,
				83DA713B1F4D051600570929 /* Products */,
			);
			sourceTree = "<group>";
		};
		83DA713B1F4D051600570929 /* Products */ = {
			isa = PBXGroup;
			children = (
				83DA713A1F4D051600570929 /* Gasolina ou Alcohol.app */,
			);
			name = Products;
			sourceTree = "<group>";
		};
		83DA713C1F4D051600570929 /* Gasolina ou Alcohol */ = {
			isa = PBXGroup;
			children = (
				83DA714F1F4D05F500570929 /* logo.png */,
				83DA713D1F4D051600570929 /* AppDelegate.swift */,
				83DA713F1F4D051600570929 /* ViewController.swift */,
				83DA71411F4D051600570929 /* Main.storyboard */,
				83DA71441F4D051600570929 /* Assets.xcassets */,
				83DA71461F4D051600570929 /* LaunchScreen.storyboard */,
				83DA71491F4D051600570929 /* Info.plist */,
			);
			path = "Gasolina ou Alcohol";
			sourceTree = "<group>";
		};
/* End PBXGroup section */

/* Begin PBXNativeTarget section */
		83DA71391F4D051600570929 /* Gasolina ou Alcohol */ = {
			isa = PBXNativeTarget;
			buildConfigurationList = 83DA714C1F4D051600570929 /* Build configuration list for PBXNativeTarget "Gasolina ou Alcohol" */;
			buildPhases = (
				83DA71361F4D051600570929 /* Sources */,
				83DA71371F4D051600570929 /* Frameworks */,
				83DA71381F4D051600570929 /* Resources */,
			);
			buildRules = (
			);
			dependencies = (
			);
			name = "Gasolina ou Alcohol";
			productName = "Gasolina ou Alcohol";
			productReference = 83DA713A1F4D051600570929 /* Gasolina ou Alcohol.app */;
			productType = "com.apple.product-type.application";
		};
/* End PBXNativeTarget section */

/* Begin PBXProject section */
		83DA71321F4D051600570929 /* Project object */ = {
			isa = PBXProject;
			attributes = {
				LastSwiftUpdateCheck = 0830;
				LastUpgradeCheck = 0830;
				ORGANIZATIONNAME = "Costa&Lins";
				TargetAttributes = {
					83DA71391F4D051600570929 = {
						CreatedOnToolsVersion = 8.3.3;
						ProvisioningStyle = Automatic;
					};
				};
			};
			buildConfigurationList = 83DA71351F4D051600570929 /* Build configuration list for PBXProject "Gasolina ou Alcohol" */;
			compatibilityVersion = "Xcode 3.2";
			developmentRegion = English;
			hasScannedForEncodings = 0;
			knownRegions = (
				en,
				Base,
			);
			mainGroup = 83DA71311F4D051600570929;
			productRefGroup = 83DA713B1F4D051600570929 /* Products */;
			projectDirPath = "";
			projectRoot = "";
			targets = (
				83DA71391F4D051600570929 /* Gasolina ou Alcohol */,
			);
		};
/* End PBXProject section */

/* Begin PBXResourcesBuildPhase section */
		83DA71381F4D051600570929 /* Resources */ = {
			isa = PBXResourcesBuildPhase;
			buildActionMask = 2147483647;
			files = (
				83DA71501F4D05F500570929 /* logo.png in Resources */,
				83DA71481F4D051600570929 /* LaunchScreen.storyboard in Resources */,
				83DA71451F4D051600570929 /* Assets.xcassets in Resources */,
				83DA71431F4D051600570929 /* Main.storyboard in Resources */,
			);
			runOnlyForDeploymentPostprocessing = 0;
		};
/* End PBXResourcesBuildPhase section */

/* Begin PBXSourcesBuildPhase section */
		83DA71361F4D051600570929 /* Sources */ = {
			isa = PBXSourcesBuildPhase;
			buildActionMask = 2147483647;
			files = (
				83DA71401F4D051600570929 /* ViewController.swift in Sources */,
				83DA713E1F4D051600570929 /* AppDelegate.swift in Sources */,
			);
			runOnlyForDeploymentPostprocessing = 0;
		};
/* End PBXSourcesBuildPhase section */

/* Begin PBXVariantGroup section */
		83DA71411F4D051600570929 /* Main.storyboard */ = {
			isa = PBXVariantGroup;
			children = (
				83DA71421F4D051600570929 /* Base */,
			);
			name = Main.storyboard;
			sourceTree = "<group>";
		};
		83DA71461F4D051600570929 /* LaunchScreen.storyboard */ = {
			isa = PBXVariantGroup;
			children = (
				83DA71471F4D051600570929 /* Base */,
			);
			name = LaunchScreen.storyboard;
			sourceTree = "<group>";
		};
/* End PBXVariantGroup section */

/* Begin XCBuildConfiguration section */
		83DA714A1F4D051600570929 /* Debug */ = {
			isa = XCBuildConfiguration;
			buildSettings = {
				ALWAYS_SEARCH_USER_PATHS = NO;
				CLANG_ANALYZER_NONNULL = YES;
				CLANG_ANALYZER_NUMBER_OBJECT_CONVERSION = YES_AGGRESSIVE;
				CLANG_CXX_LANGUAGE_STANDARD = "gnu++0x";
				CLANG_CXX_LIBRARY = "libc++";
				CLANG_ENABLE_MODULES = YES;
				CLANG_ENABLE_OBJC_ARC = YES;
				CLANG_WARN_BOOL_CONVERSION = YES;
				CLANG_WARN_CONSTANT_CONVERSION = YES;
				CLANG_WARN_DIRECT_OBJC_ISA_USAGE = YES_ERROR;
				CLANG_WARN_DOCUMENTATION_COMMENTS = YES;
				CLANG_WARN_EMPTY_BODY = YES;
				CLANG_WARN_ENUM_CONVERSION = YES;
				CLANG_WARN_INFINITE_RECURSION = YES;
				CLANG_WARN_INT_CONVERSION = YES;
				CLANG_WARN_OBJC_ROOT_CLASS = YES_ERROR;
				CLANG_WARN_SUSPICIOUS_MOVE = YES;
				CLANG_WARN_UNREACHABLE_CODE = YES;
				CLANG_WARN__DUPLICATE_METHOD_MATCH = YES;
				"CODE_SIGN_IDENTITY[sdk=iphoneos*]" = "iPhone Developer";
				COPY_PHASE_STRIP = NO;
				DEBUG_INFORMATION_FORMAT = dwarf;
				ENABLE_STRICT_OBJC_MSGSEND = YES;
				ENABLE_TESTABILITY = YES;
				GCC_C_LANGUAGE_STANDARD = gnu99;
				GCC_DYNAMIC_NO_PIC = NO;
				GCC_NO_COMMON_BLOCKS = YES;
				GCC_OPTIMIZATION_LEVEL = 0;
				GCC_PREPROCESSOR_DEFINITIONS = (
					"DEBUG=1",
					"$(inherited)",
				);
				GCC_WARN_64_TO_32_BIT_CONVERSION = YES;
				GCC_WARN_ABOUT_RETURN_TYPE = YES_ERROR;
				GCC_WARN_UNDECLARED_SELECTOR = YES;
				GCC_WARN_UNINITIALIZED_AUTOS = YES_AGGRESSIVE;
				GCC_WARN_UNUSED_FUNCTION = YES;
				GCC_WARN_UNUSED_VARIABLE = YES;
				IPHONEOS_DEPLOYMENT_TARGET = 10.3;
				MTL_ENABLE_DEBUG_INFO = YES;
				ONLY_ACTIVE_ARCH = YES;
				SDKROOT = iphoneos;
				SWIFT_ACTIVE_COMPILATION_CONDITIONS = DEBUG;
				SWIFT_OPTIMIZATION_LEVEL = "-Onone";
			};
			name = Debug;
		};
		83DA714B1F4D051600570929 /* Release */ = {
			isa = XCBuildConfiguration;
			buildSettings = {
				ALWAYS_SEARCH_USER_PATHS = NO;
				CLANG_ANALYZER_NONNULL = YES;
				CLANG_ANALYZER_NUMBER_OBJECT_CONVERSION = YES_AGGRESSIVE;
				CLANG_CXX_LANGUAGE_STANDARD = "gnu++0x";
				CLANG_CXX_LIBRARY = "libc++";
				CLANG_ENABLE_MODULES = YES;
				CLANG_ENABLE_OBJC_ARC = YES;
				CLANG_WARN_BOOL_CONVERSION = YES;
				CLANG_WARN_CONSTANT_CONVERSION = YES;
				CLANG_WARN_DIRECT_OBJC_ISA_USAGE = YES_ERROR;
				CLANG_WARN_DOCUMENTATION_COMMENTS = YES;
				CLANG_WARN_EMPTY_BODY = YES;
				CLANG_WARN_ENUM_CONVERSION = YES;
				CLANG_WARN_INFINITE_RECURSION = YES;
				CLANG_WARN_INT_CONVERSION = YES;
				CLANG_WARN_OBJC_ROOT_CLASS = YES_ERROR;
				CLANG_WARN_SUSPICIOUS_MOVE = YES;
				CLANG_WARN_UNREACHABLE_CODE = YES;
				CLANG_WARN__DUPLICATE_METHOD_MATCH = YES;
				"CODE_SIGN_IDENTITY[sdk=iphoneos*]" = "iPhone Developer";
				COPY_PHASE_STRIP = NO;
				DEBUG_INFORMATION_FORMAT = "dwarf-with-dsym";
				ENABLE_NS_ASSERTIONS = NO;
				ENABLE_STRICT_OBJC_MSGSEND = YES;
				GCC_C_LANGUAGE_STANDARD = gnu99;
				GCC_NO_COMMON_BLOCKS = YES;
				GCC_WARN_64_TO_32_BIT_CONVERSION = YES;
				GCC_WARN_ABOUT_RETURN_TYPE = YES_ERROR;
				GCC_WARN_UNDECLARED_SELECTOR = YES;
				GCC_WARN_UNINITIALIZED_AUTOS = YES_AGGRESSIVE;
				GCC_WARN_UNUSED_FUNCTION = YES;
				GCC_WARN_UNUSED_VARIABLE = YES;
				IPHONEOS_DEPLOYMENT_TARGET = 10.3;
				MTL_ENABLE_DEBUG_INFO = NO;
				SDKROOT = iphoneos;
				SWIFT_OPTIMIZATION_LEVEL = "-Owholemodule";
				VALIDATE_PRODUCT = YES;
			};
			name = Release;
		};
		83DA714D1F4D051600570929 /* Debug */ = {
			isa = XCBuildConfiguration;
			buildSettings = {
				ASSETCATALOG_COMPILER_APPICON_NAME = AppIcon;
				INFOPLIST_FILE = "Gasolina ou Alcohol/Info.plist";
				LD_RUNPATH_SEARCH_PATHS = "$(inherited) @executable_path/Frameworks";
				PRODUCT_BUNDLE_IDENTIFIER = "com.lins.Gasolina-ou-Alcohol";
				PRODUCT_NAME = "$(TARGET_NAME)";
				SWIFT_VERSION = 3.0;
			};
			name = Debug;
		};
		83DA714E1F4D051600570929 /* Release */ = {
			isa = XCBuildConfiguration;
			buildSettings = {
				ASSETCATALOG_COMPILER_APPICON_NAME = AppIcon;
				INFOPLIST_FILE = "Gasolina ou Alcohol/Info.plist";
				LD_RUNPATH_SEARCH_PATHS = "$(inherited) @executable_path/Frameworks";
				PRODUCT_BUNDLE_IDENTIFIER = "com.lins.Gasolina-ou-Alcohol";
				PRODUCT_NAME = "$(TARGET_NAME)";
				SWIFT_VERSION = 3.0;
			};
			name = Release;
		};
/* End XCBuildConfiguration section */

/* Begin XCConfigurationList section */
		83DA71351F4D051600570929 /* Build configuration list for PBXProject "Gasolina ou Alcohol" */ = {
			isa = XCConfigurationList;
			buildConfigurations = (
				83DA714A1F4D051600570929 /* Debug */,
				83DA714B1F4D051600570929 /* Release */,
			);
			defaultConfigurationIsVisible = 0;
			defaultConfigurationName = Release;
		};
		83DA714C1F4D051600570929 /* Build configuration list for PBXNativeTarget "Gasolina ou Alcohol" */ = {
			isa = XCConfigurationList;
			buildConfigurations = (
				83DA714D1F4D051600570929 /* Debug */,
				83DA714E1F4D051600570929 /* Release */,
			);
			defaultConfigurationIsVisible = 0;
		};
/* End XCConfigurationList section */
	};
	rootObject = 83DA71321F4D051600570929 /* Project object */;
}
