// !$*UTF8*$!
{
	archiveVersion = 1;
	classes = {
	};
	objectVersion = 48;
	objects = {

/* Begin PBXBuildFile section */
		83E8152B2033A28100BB18DC /* AppDelegate.swift in Sources */ = {isa = PBXBuildFile; fileRef = 83E8152A2033A28100BB18DC /* AppDelegate.swift */; };
		83E8152D2033A28100BB18DC /* ViewController.swift in Sources */ = {isa = PBXBuildFile; fileRef = 83E8152C2033A28100BB18DC /* ViewController.swift */; };
		83E815302033A28100BB18DC /* Main.storyboard in Resources */ = {isa = PBXBuildFile; fileRef = 83E8152E2033A28100BB18DC /* Main.storyboard */; };
		83E815322033A28200BB18DC /* Assets.xcassets in Resources */ = {isa = PBXBuildFile; fileRef = 83E815312033A28200BB18DC /* Assets.xcassets */; };
		83E815352033A28200BB18DC /* LaunchScreen.storyboard in Resources */ = {isa = PBXBuildFile; fileRef = 83E815332033A28200BB18DC /* LaunchScreen.storyboard */; };
		83E8153F2033BCE100BB18DC /* DetalhesViewController.swift in Sources */ = {isa = PBXBuildFile; fileRef = 83E8153E2033BCE100BB18DC /* DetalhesViewController.swift */; };
/* End PBXBuildFile section */

/* Begin PBXFileReference section */
		83E815272033A28100BB18DC /* Passando dados entre views.app */ = {isa = PBXFileReference; explicitFileType = wrapper.application; includeInIndex = 0; path = "Passando dados entre views.app"; sourceTree = BUILT_PRODUCTS_DIR; };
		83E8152A2033A28100BB18DC /* AppDelegate.swift */ = {isa = PBXFileReference; lastKnownFileType = sourcecode.swift; path = AppDelegate.swift; sourceTree = "<group>"; };
		83E8152C2033A28100BB18DC /* ViewController.swift */ = {isa = PBXFileReference; lastKnownFileType = sourcecode.swift; path = ViewController.swift; sourceTree = "<group>"; };
		83E8152F2033A28100BB18DC /* Base */ = {isa = PBXFileReference; lastKnownFileType = file.storyboard; name = Base; path = Base.lproj/Main.storyboard; sourceTree = "<group>"; };
		83E815312033A28200BB18DC /* Assets.xcassets */ = {isa = PBXFileReference; lastKnownFileType = folder.assetcatalog; path = Assets.xcassets; sourceTree = "<group>"; };
		83E815342033A28200BB18DC /* Base */ = {isa = PBXFileReference; lastKnownFileType = file.storyboard; name = Base; path = Base.lproj/LaunchScreen.storyboard; sourceTree = "<group>"; };
		83E815362033A28200BB18DC /* Info.plist */ = {isa = PBXFileReference; lastKnownFileType = text.plist.xml; path = Info.plist; sourceTree = "<group>"; };
		83E8153E2033BCE100BB18DC /* DetalhesViewController.swift */ = {isa = PBXFileReference; lastKnownFileType = sourcecode.swift; path = DetalhesViewController.swift; sourceTree = "<group>"; };
/* End PBXFileReference section */

/* Begin PBXFrameworksBuildPhase section */
		83E815242033A28100BB18DC /* Frameworks */ = {
			isa = PBXFrameworksBuildPhase;
			buildActionMask = 2147483647;
			files = (
			);
			runOnlyForDeploymentPostprocessing = 0;
		};
/* End PBXFrameworksBuildPhase section */

/* Begin PBXGroup section */
		83E8151E2033A28100BB18DC = {
			isa = PBXGroup;
			children = (
				83E815292033A28100BB18DC /* Passando dados entre views */,
				83E815282033A28100BB18DC /* Products */,
			);
			sourceTree = "<group>";
		};
		83E815282033A28100BB18DC /* Products */ = {
			isa = PBXGroup;
			children = (
				83E815272033A28100BB18DC /* Passando dados entre views.app */,
			);
			name = Products;
			sourceTree = "<group>";
		};
		83E815292033A28100BB18DC /* Passando dados entre views */ = {
			isa = PBXGroup;
			children = (
				83E8152A2033A28100BB18DC /* AppDelegate.swift */,
				83E8152C2033A28100BB18DC /* ViewController.swift */,
				83E8153E2033BCE100BB18DC /* DetalhesViewController.swift */,
				83E8152E2033A28100BB18DC /* Main.storyboard */,
				83E815312033A28200BB18DC /* Assets.xcassets */,
				83E815332033A28200BB18DC /* LaunchScreen.storyboard */,
				83E815362033A28200BB18DC /* Info.plist */,
			);
			path = "Passando dados entre views";
			sourceTree = "<group>";
		};
/* End PBXGroup section */

/* Begin PBXNativeTarget section */
		83E815262033A28100BB18DC /* Passando dados entre views */ = {
			isa = PBXNativeTarget;
			buildConfigurationList = 83E815392033A28200BB18DC /* Build configuration list for PBXNativeTarget "Passando dados entre views" */;
			buildPhases = (
				83E815232033A28100BB18DC /* Sources */,
				83E815242033A28100BB18DC /* Frameworks */,
				83E815252033A28100BB18DC /* Resources */,
			);
			buildRules = (
			);
			dependencies = (
			);
			name = "Passando dados entre views";
			productName = "Passando dados entre views";
			productReference = 83E815272033A28100BB18DC /* Passando dados entre views.app */;
			productType = "com.apple.product-type.application";
		};
/* End PBXNativeTarget section */

/* Begin PBXProject section */
		83E8151F2033A28100BB18DC /* Project object */ = {
			isa = PBXProject;
			attributes = {
				LastSwiftUpdateCheck = 0920;
				LastUpgradeCheck = 0920;
				ORGANIZATIONNAME = "Costa&Lins";
				TargetAttributes = {
					83E815262033A28100BB18DC = {
						CreatedOnToolsVersion = 9.2;
						ProvisioningStyle = Automatic;
					};
				};
			};
			buildConfigurationList = 83E815222033A28100BB18DC /* Build configuration list for PBXProject "Passando dados entre views" */;
			compatibilityVersion = "Xcode 8.0";
			developmentRegion = en;
			hasScannedForEncodings = 0;
			knownRegions = (
				en,
				Base,
			);
			mainGroup = 83E8151E2033A28100BB18DC;
			productRefGroup = 83E815282033A28100BB18DC /* Products */;
			projectDirPath = "";
			projectRoot = "";
			targets = (
				83E815262033A28100BB18DC /* Passando dados entre views */,
			);
		};
/* End PBXProject section */

/* Begin PBXResourcesBuildPhase section */
		83E815252033A28100BB18DC /* Resources */ = {
			isa = PBXResourcesBuildPhase;
			buildActionMask = 2147483647;
			files = (
				83E815352033A28200BB18DC /* LaunchScreen.storyboard in Resources */,
				83E815322033A28200BB18DC /* Assets.xcassets in Resources */,
				83E815302033A28100BB18DC /* Main.storyboard in Resources */,
			);
			runOnlyForDeploymentPostprocessing = 0;
		};
/* End PBXResourcesBuildPhase section */

/* Begin PBXSourcesBuildPhase section */
		83E815232033A28100BB18DC /* Sources */ = {
			isa = PBXSourcesBuildPhase;
			buildActionMask = 2147483647;
			files = (
				83E8152D2033A28100BB18DC /* ViewController.swift in Sources */,
				83E8152B2033A28100BB18DC /* AppDelegate.swift in Sources */,
				83E8153F2033BCE100BB18DC /* DetalhesViewController.swift in Sources */,
			);
			runOnlyForDeploymentPostprocessing = 0;
		};
/* End PBXSourcesBuildPhase section */

/* Begin PBXVariantGroup section */
		83E8152E2033A28100BB18DC /* Main.storyboard */ = {
			isa = PBXVariantGroup;
			children = (
				83E8152F2033A28100BB18DC /* Base */,
			);
			name = Main.storyboard;
			sourceTree = "<group>";
		};
		83E815332033A28200BB18DC /* LaunchScreen.storyboard */ = {
			isa = PBXVariantGroup;
			children = (
				83E815342033A28200BB18DC /* Base */,
			);
			name = LaunchScreen.storyboard;
			sourceTree = "<group>";
		};
/* End PBXVariantGroup section */

/* Begin XCBuildConfiguration section */
		83E815372033A28200BB18DC /* Debug */ = {
			isa = XCBuildConfiguration;
			buildSettings = {
				ALWAYS_SEARCH_USER_PATHS = NO;
				CLANG_ANALYZER_NONNULL = YES;
				CLANG_ANALYZER_NUMBER_OBJECT_CONVERSION = YES_AGGRESSIVE;
				CLANG_CXX_LANGUAGE_STANDARD = "gnu++14";
				CLANG_CXX_LIBRARY = "libc++";
				CLANG_ENABLE_MODULES = YES;
				CLANG_ENABLE_OBJC_ARC = YES;
				CLANG_WARN_BLOCK_CAPTURE_AUTORELEASING = YES;
				CLANG_WARN_BOOL_CONVERSION = YES;
				CLANG_WARN_COMMA = YES;
				CLANG_WARN_CONSTANT_CONVERSION = YES;
				CLANG_WARN_DIRECT_OBJC_ISA_USAGE = YES_ERROR;
				CLANG_WARN_DOCUMENTATION_COMMENTS = YES;
				CLANG_WARN_EMPTY_BODY = YES;
				CLANG_WARN_ENUM_CONVERSION = YES;
				CLANG_WARN_INFINITE_RECURSION = YES;
				CLANG_WARN_INT_CONVERSION = YES;
				CLANG_WARN_NON_LITERAL_NULL_CONVERSION = YES;
				CLANG_WARN_OBJC_LITERAL_CONVERSION = YES;
				CLANG_WARN_OBJC_ROOT_CLASS = YES_ERROR;
				CLANG_WARN_RANGE_LOOP_ANALYSIS = YES;
				CLANG_WARN_STRICT_PROTOTYPES = YES;
				CLANG_WARN_SUSPICIOUS_MOVE = YES;
				CLANG_WARN_UNGUARDED_AVAILABILITY = YES_AGGRESSIVE;
				CLANG_WARN_UNREACHABLE_CODE = YES;
				CLANG_WARN__DUPLICATE_METHOD_MATCH = YES;
				CODE_SIGN_IDENTITY = "iPhone Developer";
				COPY_PHASE_STRIP = NO;
				DEBUG_INFORMATION_FORMAT = dwarf;
				ENABLE_STRICT_OBJC_MSGSEND = YES;
				ENABLE_TESTABILITY = YES;
				GCC_C_LANGUAGE_STANDARD = gnu11;
				GCC_DYNAMIC_NO_PIC = NO;
				GCC_NO_COMMON_BLOCKS = YES;
				GCC_OPTIMIZATION_LEVEL = 0;
				GCC_PREPROCESSOR_DEFINITIONS = (
					"DEBUG=1",
					"$(inherited)",
				);
				GCC_WARN_64_TO_32_BIT_CONVERSION = YES;
				GCC_WARN_ABOUT_RETURN_TYPE = YES_ERROR;
				GCC_WARN_UNDECLARED_SELECTOR = YES;
				GCC_WARN_UNINITIALIZED_AUTOS = YES_AGGRESSIVE;
				GCC_WARN_UNUSED_FUNCTION = YES;
				GCC_WARN_UNUSED_VARIABLE = YES;
				IPHONEOS_DEPLOYMENT_TARGET = 11.2;
				MTL_ENABLE_DEBUG_INFO = YES;
				ONLY_ACTIVE_ARCH = YES;
				SDKROOT = iphoneos;
				SWIFT_ACTIVE_COMPILATION_CONDITIONS = DEBUG;
				SWIFT_OPTIMIZATION_LEVEL = "-Onone";
			};
			name = Debug;
		};
		83E815382033A28200BB18DC /* Release */ = {
			isa = XCBuildConfiguration;
			buildSettings = {
				ALWAYS_SEARCH_USER_PATHS = NO;
				CLANG_ANALYZER_NONNULL = YES;
				CLANG_ANALYZER_NUMBER_OBJECT_CONVERSION = YES_AGGRESSIVE;
				CLANG_CXX_LANGUAGE_STANDARD = "gnu++14";
				CLANG_CXX_LIBRARY = "libc++";
				CLANG_ENABLE_MODULES = YES;
				CLANG_ENABLE_OBJC_ARC = YES;
				CLANG_WARN_BLOCK_CAPTURE_AUTORELEASING = YES;
				CLANG_WARN_BOOL_CONVERSION = YES;
				CLANG_WARN_COMMA = YES;
				CLANG_WARN_CONSTANT_CONVERSION = YES;
				CLANG_WARN_DIRECT_OBJC_ISA_USAGE = YES_ERROR;
				CLANG_WARN_DOCUMENTATION_COMMENTS = YES;
				CLANG_WARN_EMPTY_BODY = YES;
				CLANG_WARN_ENUM_CONVERSION = YES;
				CLANG_WARN_INFINITE_RECURSION = YES;
				CLANG_WARN_INT_CONVERSION = YES;
				CLANG_WARN_NON_LITERAL_NULL_CONVERSION = YES;
				CLANG_WARN_OBJC_LITERAL_CONVERSION = YES;
				CLANG_WARN_OBJC_ROOT_CLASS = YES_ERROR;
				CLANG_WARN_RANGE_LOOP_ANALYSIS = YES;
				CLANG_WARN_STRICT_PROTOTYPES = YES;
				CLANG_WARN_SUSPICIOUS_MOVE = YES;
				CLANG_WARN_UNGUARDED_AVAILABILITY = YES_AGGRESSIVE;
				CLANG_WARN_UNREACHABLE_CODE = YES;
				CLANG_WARN__DUPLICATE_METHOD_MATCH = YES;
				CODE_SIGN_IDENTITY = "iPhone Developer";
				COPY_PHASE_STRIP = NO;
				DEBUG_INFORMATION_FORMAT = "dwarf-with-dsym";
				ENABLE_NS_ASSERTIONS = NO;
				ENABLE_STRICT_OBJC_MSGSEND = YES;
				GCC_C_LANGUAGE_STANDARD = gnu11;
				GCC_NO_COMMON_BLOCKS = YES;
				GCC_WARN_64_TO_32_BIT_CONVERSION = YES;
				GCC_WARN_ABOUT_RETURN_TYPE = YES_ERROR;
				GCC_WARN_UNDECLARED_SELECTOR = YES;
				GCC_WARN_UNINITIALIZED_AUTOS = YES_AGGRESSIVE;
				GCC_WARN_UNUSED_FUNCTION = YES;
				GCC_WARN_UNUSED_VARIABLE = YES;
				IPHONEOS_DEPLOYMENT_TARGET = 11.2;
				MTL_ENABLE_DEBUG_INFO = NO;
				SDKROOT = iphoneos;
				SWIFT_OPTIMIZATION_LEVEL = "-Owholemodule";
				VALIDATE_PRODUCT = YES;
			};
			name = Release;
		};
		83E8153A2033A28200BB18DC /* Debug */ = {
			isa = XCBuildConfiguration;
			buildSettings = {
				ASSETCATALOG_COMPILER_APPICON_NAME = AppIcon;
				CODE_SIGN_STYLE = Automatic;
				INFOPLIST_FILE = "Passando dados entre views/Info.plist";
				LD_RUNPATH_SEARCH_PATHS = "$(inherited) @executable_path/Frameworks";
				PRODUCT_BUNDLE_IDENTIFIER = "com.lins.Passando-dados-entre-views";
				PRODUCT_NAME = "$(TARGET_NAME)";
				SWIFT_VERSION = 4.0;
				TARGETED_DEVICE_FAMILY = "1,2";
			};
			name = Debug;
		};
		83E8153B2033A28200BB18DC /* Release */ = {
			isa = XCBuildConfiguration;
			buildSettings = {
				ASSETCATALOG_COMPILER_APPICON_NAME = AppIcon;
				CODE_SIGN_STYLE = Automatic;
				INFOPLIST_FILE = "Passando dados entre views/Info.plist";
				LD_RUNPATH_SEARCH_PATHS = "$(inherited) @executable_path/Frameworks";
				PRODUCT_BUNDLE_IDENTIFIER = "com.lins.Passando-dados-entre-views";
				PRODUCT_NAME = "$(TARGET_NAME)";
				SWIFT_VERSION = 4.0;
				TARGETED_DEVICE_FAMILY = "1,2";
			};
			name = Release;
		};
/* End XCBuildConfiguration section */

/* Begin XCConfigurationList section */
		83E815222033A28100BB18DC /* Build configuration list for PBXProject "Passando dados entre views" */ = {
			isa = XCConfigurationList;
			buildConfigurations = (
				83E815372033A28200BB18DC /* Debug */,
				83E815382033A28200BB18DC /* Release */,
			);
			defaultConfigurationIsVisible = 0;
			defaultConfigurationName = Release;
		};
		83E815392033A28200BB18DC /* Build configuration list for PBXNativeTarget "Passando dados entre views" */ = {
			isa = XCConfigurationList;
			buildConfigurations = (
				83E8153A2033A28200BB18DC /* Debug */,
				83E8153B2033A28200BB18DC /* Release */,
			);
			defaultConfigurationIsVisible = 0;
			defaultConfigurationName = Release;
		};
/* End XCConfigurationList section */
	};
	rootObject = 83E8151F2033A28100BB18DC /* Project object */;
}
