// !$*UTF8*$!
{
	archiveVersion = 1;
	classes = {
	};
	objectVersion = 46;
	objects = {

/* Begin PBXBuildFile section */
		83CADE361DCF8DD8001EA109 /* AppDelegate.swift in Sources */ = {isa = PBXBuildFile; fileRef = 83CADE351DCF8DD8001EA109 /* AppDelegate.swift */; };
		83CADE381DCF8DD8001EA109 /* ViewController.swift in Sources */ = {isa = PBXBuildFile; fileRef = 83CADE371DCF8DD8001EA109 /* ViewController.swift */; };
		83CADE3B1DCF8DD8001EA109 /* Main.storyboard in Resources */ = {isa = PBXBuildFile; fileRef = 83CADE391DCF8DD8001EA109 /* Main.storyboard */; };
		83CADE3D1DCF8DD8001EA109 /* Assets.xcassets in Resources */ = {isa = PBXBuildFile; fileRef = 83CADE3C1DCF8DD8001EA109 /* Assets.xcassets */; };
		83CADE401DCF8DD8001EA109 /* LaunchScreen.storyboard in Resources */ = {isa = PBXBuildFile; fileRef = 83CADE3E1DCF8DD8001EA109 /* LaunchScreen.storyboard */; };
		83CADE481DCF8F8A001EA109 /* cachorro.png in Resources */ = {isa = PBXBuildFile; fileRef = 83CADE471DCF8F8A001EA109 /* cachorro.png */; };
/* End PBXBuildFile section */

/* Begin PBXFileReference section */
		83CADE321DCF8DD7001EA109 /* Pet Age.app */ = {isa = PBXFileReference; explicitFileType = wrapper.application; includeInIndex = 0; path = "Pet Age.app"; sourceTree = BUILT_PRODUCTS_DIR; };
		83CADE351DCF8DD8001EA109 /* AppDelegate.swift */ = {isa = PBXFileReference; lastKnownFileType = sourcecode.swift; path = AppDelegate.swift; sourceTree = "<group>"; };
		83CADE371DCF8DD8001EA109 /* ViewController.swift */ = {isa = PBXFileReference; lastKnownFileType = sourcecode.swift; path = ViewController.swift; sourceTree = "<group>"; };
		83CADE3A1DCF8DD8001EA109 /* Base */ = {isa = PBXFileReference; lastKnownFileType = file.storyboard; name = Base; path = Base.lproj/Main.storyboard; sourceTree = "<group>"; };
		83CADE3C1DCF8DD8001EA109 /* Assets.xcassets */ = {isa = PBXFileReference; lastKnownFileType = folder.assetcatalog; path = Assets.xcassets; sourceTree = "<group>"; };
		83CADE3F1DCF8DD8001EA109 /* Base */ = {isa = PBXFileReference; lastKnownFileType = file.storyboard; name = Base; path = Base.lproj/LaunchScreen.storyboard; sourceTree = "<group>"; };
		83CADE411DCF8DD8001EA109 /* Info.plist */ = {isa = PBXFileReference; lastKnownFileType = text.plist.xml; path = Info.plist; sourceTree = "<group>"; };
		83CADE471DCF8F8A001EA109 /* cachorro.png */ = {isa = PBXFileReference; lastKnownFileType = image.png; path = cachorro.png; sourceTree = "<group>"; };
/* End PBXFileReference section */

/* Begin PBXFrameworksBuildPhase section */
		83CADE2F1DCF8DD7001EA109 /* Frameworks */ = {
			isa = PBXFrameworksBuildPhase;
			buildActionMask = 2147483647;
			files = (
			);
			runOnlyForDeploymentPostprocessing = 0;
		};
/* End PBXFrameworksBuildPhase section */

/* Begin PBXGroup section */
		83CADE291DCF8DD7001EA109 = {
			isa = PBXGroup;
			children = (
				83CADE341DCF8DD7001EA109 /* Pet Age */,
				83CADE331DCF8DD7001EA109 /* Products */,
			);
			sourceTree = "<group>";
		};
		83CADE331DCF8DD7001EA109 /* Products */ = {
			isa = PBXGroup;
			children = (
				83CADE321DCF8DD7001EA109 /* Pet Age.app */,
			);
			name = Products;
			sourceTree = "<group>";
		};
		83CADE341DCF8DD7001EA109 /* Pet Age */ = {
			isa = PBXGroup;
			children = (
				83CADE471DCF8F8A001EA109 /* cachorro.png */,
				83CADE351DCF8DD8001EA109 /* AppDelegate.swift */,
				83CADE371DCF8DD8001EA109 /* ViewController.swift */,
				83CADE391DCF8DD8001EA109 /* Main.storyboard */,
				83CADE3C1DCF8DD8001EA109 /* Assets.xcassets */,
				83CADE3E1DCF8DD8001EA109 /* LaunchScreen.storyboard */,
				83CADE411DCF8DD8001EA109 /* Info.plist */,
			);
			path = "Pet Age";
			sourceTree = "<group>";
		};
/* End PBXGroup section */

/* Begin PBXNativeTarget section */
		83CADE311DCF8DD7001EA109 /* Pet Age */ = {
			isa = PBXNativeTarget;
			buildConfigurationList = 83CADE441DCF8DD8001EA109 /* Build configuration list for PBXNativeTarget "Pet Age" */;
			buildPhases = (
				83CADE2E1DCF8DD7001EA109 /* Sources */,
				83CADE2F1DCF8DD7001EA109 /* Frameworks */,
				83CADE301DCF8DD7001EA109 /* Resources */,
			);
			buildRules = (
			);
			dependencies = (
			);
			name = "Pet Age";
			productName = "Pet Age";
			productReference = 83CADE321DCF8DD7001EA109 /* Pet Age.app */;
			productType = "com.apple.product-type.application";
		};
/* End PBXNativeTarget section */

/* Begin PBXProject section */
		83CADE2A1DCF8DD7001EA109 /* Project object */ = {
			isa = PBXProject;
			attributes = {
				LastSwiftUpdateCheck = 0720;
				LastUpgradeCheck = 0820;
				ORGANIZATIONNAME = "Costa&LinsVinicius Costa";
				TargetAttributes = {
					83CADE311DCF8DD7001EA109 = {
						CreatedOnToolsVersion = 7.2;
						DevelopmentTeam = RLK9N4H9MK;
						LastSwiftMigration = 0820;
					};
				};
			};
			buildConfigurationList = 83CADE2D1DCF8DD7001EA109 /* Build configuration list for PBXProject "Pet Age" */;
			compatibilityVersion = "Xcode 3.2";
			developmentRegion = English;
			hasScannedForEncodings = 0;
			knownRegions = (
				en,
				Base,
			);
			mainGroup = 83CADE291DCF8DD7001EA109;
			productRefGroup = 83CADE331DCF8DD7001EA109 /* Products */;
			projectDirPath = "";
			projectRoot = "";
			targets = (
				83CADE311DCF8DD7001EA109 /* Pet Age */,
			);
		};
/* End PBXProject section */

/* Begin PBXResourcesBuildPhase section */
		83CADE301DCF8DD7001EA109 /* Resources */ = {
			isa = PBXResourcesBuildPhase;
			buildActionMask = 2147483647;
			files = (
				83CADE481DCF8F8A001EA109 /* cachorro.png in Resources */,
				83CADE401DCF8DD8001EA109 /* LaunchScreen.storyboard in Resources */,
				83CADE3D1DCF8DD8001EA109 /* Assets.xcassets in Resources */,
				83CADE3B1DCF8DD8001EA109 /* Main.storyboard in Resources */,
			);
			runOnlyForDeploymentPostprocessing = 0;
		};
/* End PBXResourcesBuildPhase section */

/* Begin PBXSourcesBuildPhase section */
		83CADE2E1DCF8DD7001EA109 /* Sources */ = {
			isa = PBXSourcesBuildPhase;
			buildActionMask = 2147483647;
			files = (
				83CADE381DCF8DD8001EA109 /* ViewController.swift in Sources */,
				83CADE361DCF8DD8001EA109 /* AppDelegate.swift in Sources */,
			);
			runOnlyForDeploymentPostprocessing = 0;
		};
/* End PBXSourcesBuildPhase section */

/* Begin PBXVariantGroup section */
		83CADE391DCF8DD8001EA109 /* Main.storyboard */ = {
			isa = PBXVariantGroup;
			children = (
				83CADE3A1DCF8DD8001EA109 /* Base */,
			);
			name = Main.storyboard;
			sourceTree = "<group>";
		};
		83CADE3E1DCF8DD8001EA109 /* LaunchScreen.storyboard */ = {
			isa = PBXVariantGroup;
			children = (
				83CADE3F1DCF8DD8001EA109 /* Base */,
			);
			name = LaunchScreen.storyboard;
			sourceTree = "<group>";
		};
/* End PBXVariantGroup section */

/* Begin XCBuildConfiguration section */
		83CADE421DCF8DD8001EA109 /* Debug */ = {
			isa = XCBuildConfiguration;
			buildSettings = {
				ALWAYS_SEARCH_USER_PATHS = NO;
				CLANG_CXX_LANGUAGE_STANDARD = "gnu++0x";
				CLANG_CXX_LIBRARY = "libc++";
				CLANG_ENABLE_MODULES = YES;
				CLANG_ENABLE_OBJC_ARC = YES;
				CLANG_WARN_BOOL_CONVERSION = YES;
				CLANG_WARN_CONSTANT_CONVERSION = YES;
				CLANG_WARN_DIRECT_OBJC_ISA_USAGE = YES_ERROR;
				CLANG_WARN_EMPTY_BODY = YES;
				CLANG_WARN_ENUM_CONVERSION = YES;
				CLANG_WARN_INFINITE_RECURSION = YES;
				CLANG_WARN_INT_CONVERSION = YES;
				CLANG_WARN_OBJC_ROOT_CLASS = YES_ERROR;
				CLANG_WARN_SUSPICIOUS_MOVE = YES;
				CLANG_WARN_UNREACHABLE_CODE = YES;
				CLANG_WARN__DUPLICATE_METHOD_MATCH = YES;
				"CODE_SIGN_IDENTITY[sdk=iphoneos*]" = "iPhone Developer";
				COPY_PHASE_STRIP = NO;
				DEBUG_INFORMATION_FORMAT = dwarf;
				ENABLE_STRICT_OBJC_MSGSEND = YES;
				ENABLE_TESTABILITY = YES;
				GCC_C_LANGUAGE_STANDARD = gnu99;
				GCC_DYNAMIC_NO_PIC = NO;
				GCC_NO_COMMON_BLOCKS = YES;
				GCC_OPTIMIZATION_LEVEL = 0;
				GCC_PREPROCESSOR_DEFINITIONS = (
					"DEBUG=1",
					"$(inherited)",
				);
				GCC_WARN_64_TO_32_BIT_CONVERSION = YES;
				GCC_WARN_ABOUT_RETURN_TYPE = YES_ERROR;
				GCC_WARN_UNDECLARED_SELECTOR = YES;
				GCC_WARN_UNINITIALIZED_AUTOS = YES_AGGRESSIVE;
				GCC_WARN_UNUSED_FUNCTION = YES;
				GCC_WARN_UNUSED_VARIABLE = YES;
				IPHONEOS_DEPLOYMENT_TARGET = 9.2;
				MTL_ENABLE_DEBUG_INFO = YES;
				ONLY_ACTIVE_ARCH = YES;
				SDKROOT = iphoneos;
				SWIFT_OPTIMIZATION_LEVEL = "-Onone";
			};
			name = Debug;
		};
		83CADE431DCF8DD8001EA109 /* Release */ = {
			isa = XCBuildConfiguration;
			buildSettings = {
				ALWAYS_SEARCH_USER_PATHS = NO;
				CLANG_CXX_LANGUAGE_STANDARD = "gnu++0x";
				CLANG_CXX_LIBRARY = "libc++";
				CLANG_ENABLE_MODULES = YES;
				CLANG_ENABLE_OBJC_ARC = YES;
				CLANG_WARN_BOOL_CONVERSION = YES;
				CLANG_WARN_CONSTANT_CONVERSION = YES;
				CLANG_WARN_DIRECT_OBJC_ISA_USAGE = YES_ERROR;
				CLANG_WARN_EMPTY_BODY = YES;
				CLANG_WARN_ENUM_CONVERSION = YES;
				CLANG_WARN_INFINITE_RECURSION = YES;
				CLANG_WARN_INT_CONVERSION = YES;
				CLANG_WARN_OBJC_ROOT_CLASS = YES_ERROR;
				CLANG_WARN_SUSPICIOUS_MOVE = YES;
				CLANG_WARN_UNREACHABLE_CODE = YES;
				CLANG_WARN__DUPLICATE_METHOD_MATCH = YES;
				"CODE_SIGN_IDENTITY[sdk=iphoneos*]" = "iPhone Developer";
				COPY_PHASE_STRIP = NO;
				DEBUG_INFORMATION_FORMAT = "dwarf-with-dsym";
				ENABLE_NS_ASSERTIONS = NO;
				ENABLE_STRICT_OBJC_MSGSEND = YES;
				GCC_C_LANGUAGE_STANDARD = gnu99;
				GCC_NO_COMMON_BLOCKS = YES;
				GCC_WARN_64_TO_32_BIT_CONVERSION = YES;
				GCC_WARN_ABOUT_RETURN_TYPE = YES_ERROR;
				GCC_WARN_UNDECLARED_SELECTOR = YES;
				GCC_WARN_UNINITIALIZED_AUTOS = YES_AGGRESSIVE;
				GCC_WARN_UNUSED_FUNCTION = YES;
				GCC_WARN_UNUSED_VARIABLE = YES;
				IPHONEOS_DEPLOYMENT_TARGET = 9.2;
				MTL_ENABLE_DEBUG_INFO = NO;
				SDKROOT = iphoneos;
				SWIFT_OPTIMIZATION_LEVEL = "-Owholemodule";
				VALIDATE_PRODUCT = YES;
			};
			name = Release;
		};
		83CADE451DCF8DD8001EA109 /* Debug */ = {
			isa = XCBuildConfiguration;
			buildSettings = {
				ASSETCATALOG_COMPILER_APPICON_NAME = AppIcon;
				INFOPLIST_FILE = "Pet Age/Info.plist";
				LD_RUNPATH_SEARCH_PATHS = "$(inherited) @executable_path/Frameworks";
				PRODUCT_BUNDLE_IDENTIFIER = "com.lins.Pet-Age";
				PRODUCT_NAME = "$(TARGET_NAME)";
				SWIFT_VERSION = 3.0;
			};
			name = Debug;
		};
		83CADE461DCF8DD8001EA109 /* Release */ = {
			isa = XCBuildConfiguration;
			buildSettings = {
				ASSETCATALOG_COMPILER_APPICON_NAME = AppIcon;
				INFOPLIST_FILE = "Pet Age/Info.plist";
				LD_RUNPATH_SEARCH_PATHS = "$(inherited) @executable_path/Frameworks";
				PRODUCT_BUNDLE_IDENTIFIER = "com.lins.Pet-Age";
				PRODUCT_NAME = "$(TARGET_NAME)";
				SWIFT_VERSION = 3.0;
			};
			name = Release;
		};
/* End XCBuildConfiguration section */

/* Begin XCConfigurationList section */
		83CADE2D1DCF8DD7001EA109 /* Build configuration list for PBXProject "Pet Age" */ = {
			isa = XCConfigurationList;
			buildConfigurations = (
				83CADE421DCF8DD8001EA109 /* Debug */,
				83CADE431DCF8DD8001EA109 /* Release */,
			);
			defaultConfigurationIsVisible = 0;
			defaultConfigurationName = Release;
		};
		83CADE441DCF8DD8001EA109 /* Build configuration list for PBXNativeTarget "Pet Age" */ = {
			isa = XCConfigurationList;
			buildConfigurations = (
				83CADE451DCF8DD8001EA109 /* Debug */,
				83CADE461DCF8DD8001EA109 /* Release */,
			);
			defaultConfigurationIsVisible = 0;
			defaultConfigurationName = Release;
		};
/* End XCConfigurationList section */
	};
	rootObject = 83CADE2A1DCF8DD7001EA109 /* Project object */;
}
