// !$*UTF8*$!
{
	archiveVersion = 1;
	classes = {
	};
	objectVersion = 50;
	objects = {

/* Begin PBXBuildFile section */
		8378BF10207D979000193DBF /* AppDelegate.swift in Sources */ = {isa = PBXBuildFile; fileRef = 8378BF0F207D979000193DBF /* AppDelegate.swift */; };
		8378BF12207D979000193DBF /* ViewController.swift in Sources */ = {isa = PBXBuildFile; fileRef = 8378BF11207D979000193DBF /* ViewController.swift */; };
		8378BF15207D979000193DBF /* Main.storyboard in Resources */ = {isa = PBXBuildFile; fileRef = 8378BF13207D979000193DBF /* Main.storyboard */; };
		8378BF17207D979300193DBF /* Assets.xcassets in Resources */ = {isa = PBXBuildFile; fileRef = 8378BF16207D979300193DBF /* Assets.xcassets */; };
		8378BF1A207D979300193DBF /* LaunchScreen.storyboard in Resources */ = {isa = PBXBuildFile; fileRef = 8378BF18207D979300193DBF /* LaunchScreen.storyboard */; };
		8378BF23207D97BB00193DBF /* CoreLocation.framework in Frameworks */ = {isa = PBXBuildFile; fileRef = 8378BF22207D97BB00193DBF /* CoreLocation.framework */; };
/* End PBXBuildFile section */

/* Begin PBXFileReference section */
		8378BF0C207D979000193DBF /* Onde Estou.app */ = {isa = PBXFileReference; explicitFileType = wrapper.application; includeInIndex = 0; path = "Onde Estou.app"; sourceTree = BUILT_PRODUCTS_DIR; };
		8378BF0F207D979000193DBF /* AppDelegate.swift */ = {isa = PBXFileReference; lastKnownFileType = sourcecode.swift; path = AppDelegate.swift; sourceTree = "<group>"; };
		8378BF11207D979000193DBF /* ViewController.swift */ = {isa = PBXFileReference; lastKnownFileType = sourcecode.swift; path = ViewController.swift; sourceTree = "<group>"; };
		8378BF14207D979000193DBF /* Base */ = {isa = PBXFileReference; lastKnownFileType = file.storyboard; name = Base; path = Base.lproj/Main.storyboard; sourceTree = "<group>"; };
		8378BF16207D979300193DBF /* Assets.xcassets */ = {isa = PBXFileReference; lastKnownFileType = folder.assetcatalog; path = Assets.xcassets; sourceTree = "<group>"; };
		8378BF19207D979300193DBF /* Base */ = {isa = PBXFileReference; lastKnownFileType = file.storyboard; name = Base; path = Base.lproj/LaunchScreen.storyboard; sourceTree = "<group>"; };
		8378BF1B207D979300193DBF /* Info.plist */ = {isa = PBXFileReference; lastKnownFileType = text.plist.xml; path = Info.plist; sourceTree = "<group>"; };
		8378BF22207D97BB00193DBF /* CoreLocation.framework */ = {isa = PBXFileReference; lastKnownFileType = wrapper.framework; name = CoreLocation.framework; path = System/Library/Frameworks/CoreLocation.framework; sourceTree = SDKROOT; };
/* End PBXFileReference section */

/* Begin PBXFrameworksBuildPhase section */
		8378BF09207D979000193DBF /* Frameworks */ = {
			isa = PBXFrameworksBuildPhase;
			buildActionMask = 2147483647;
			files = (
				8378BF23207D97BB00193DBF /* CoreLocation.framework in Frameworks */,
			);
			runOnlyForDeploymentPostprocessing = 0;
		};
/* End PBXFrameworksBuildPhase section */

/* Begin PBXGroup section */
		8378BF03207D979000193DBF = {
			isa = PBXGroup;
			children = (
				8378BF0E207D979000193DBF /* Onde Estou */,
				8378BF0D207D979000193DBF /* Products */,
				8378BF21207D97BB00193DBF /* Frameworks */,
			);
			sourceTree = "<group>";
		};
		8378BF0D207D979000193DBF /* Products */ = {
			isa = PBXGroup;
			children = (
				8378BF0C207D979000193DBF /* Onde Estou.app */,
			);
			name = Products;
			sourceTree = "<group>";
		};
		8378BF0E207D979000193DBF /* Onde Estou */ = {
			isa = PBXGroup;
			children = (
				8378BF0F207D979000193DBF /* AppDelegate.swift */,
				8378BF11207D979000193DBF /* ViewController.swift */,
				8378BF13207D979000193DBF /* Main.storyboard */,
				8378BF16207D979300193DBF /* Assets.xcassets */,
				8378BF18207D979300193DBF /* LaunchScreen.storyboard */,
				8378BF1B207D979300193DBF /* Info.plist */,
			);
			path = "Onde Estou";
			sourceTree = "<group>";
		};
		8378BF21207D97BB00193DBF /* Frameworks */ = {
			isa = PBXGroup;
			children = (
				8378BF22207D97BB00193DBF /* CoreLocation.framework */,
			);
			name = Frameworks;
			sourceTree = "<group>";
		};
/* End PBXGroup section */

/* Begin PBXNativeTarget section */
		8378BF0B207D979000193DBF /* Onde Estou */ = {
			isa = PBXNativeTarget;
			buildConfigurationList = 8378BF1E207D979300193DBF /* Build configuration list for PBXNativeTarget "Onde Estou" */;
			buildPhases = (
				8378BF08207D979000193DBF /* Sources */,
				8378BF09207D979000193DBF /* Frameworks */,
				8378BF0A207D979000193DBF /* Resources */,
			);
			buildRules = (
			);
			dependencies = (
			);
			name = "Onde Estou";
			productName = "Onde Estou";
			productReference = 8378BF0C207D979000193DBF /* Onde Estou.app */;
			productType = "com.apple.product-type.application";
		};
/* End PBXNativeTarget section */

/* Begin PBXProject section */
		8378BF04207D979000193DBF /* Project object */ = {
			isa = PBXProject;
			attributes = {
				LastSwiftUpdateCheck = 0930;
				LastUpgradeCheck = 0930;
				ORGANIZATIONNAME = "Vinícius Costa Lins";
				TargetAttributes = {
					8378BF0B207D979000193DBF = {
						CreatedOnToolsVersion = 9.3;
					};
				};
			};
			buildConfigurationList = 8378BF07207D979000193DBF /* Build configuration list for PBXProject "Onde Estou" */;
			compatibilityVersion = "Xcode 9.3";
			developmentRegion = en;
			hasScannedForEncodings = 0;
			knownRegions = (
				en,
				Base,
			);
			mainGroup = 8378BF03207D979000193DBF;
			productRefGroup = 8378BF0D207D979000193DBF /* Products */;
			projectDirPath = "";
			projectRoot = "";
			targets = (
				8378BF0B207D979000193DBF /* Onde Estou */,
			);
		};
/* End PBXProject section */

/* Begin PBXResourcesBuildPhase section */
		8378BF0A207D979000193DBF /* Resources */ = {
			isa = PBXResourcesBuildPhase;
			buildActionMask = 2147483647;
			files = (
				8378BF1A207D979300193DBF /* LaunchScreen.storyboard in Resources */,
				8378BF17207D979300193DBF /* Assets.xcassets in Resources */,
				8378BF15207D979000193DBF /* Main.storyboard in Resources */,
			);
			runOnlyForDeploymentPostprocessing = 0;
		};
/* End PBXResourcesBuildPhase section */

/* Begin PBXSourcesBuildPhase section */
		8378BF08207D979000193DBF /* Sources */ = {
			isa = PBXSourcesBuildPhase;
			buildActionMask = 2147483647;
			files = (
				8378BF12207D979000193DBF /* ViewController.swift in Sources */,
				8378BF10207D979000193DBF /* AppDelegate.swift in Sources */,
			);
			runOnlyForDeploymentPostprocessing = 0;
		};
/* End PBXSourcesBuildPhase section */

/* Begin PBXVariantGroup section */
		8378BF13207D979000193DBF /* Main.storyboard */ = {
			isa = PBXVariantGroup;
			children = (
				8378BF14207D979000193DBF /* Base */,
			);
			name = Main.storyboard;
			sourceTree = "<group>";
		};
		8378BF18207D979300193DBF /* LaunchScreen.storyboard */ = {
			isa = PBXVariantGroup;
			children = (
				8378BF19207D979300193DBF /* Base */,
			);
			name = LaunchScreen.storyboard;
			sourceTree = "<group>";
		};
/* End PBXVariantGroup section */

/* Begin XCBuildConfiguration section */
		8378BF1C207D979300193DBF /* Debug */ = {
			isa = XCBuildConfiguration;
			buildSettings = {
				ALWAYS_SEARCH_USER_PATHS = NO;
				CLANG_ANALYZER_NONNULL = YES;
				CLANG_ANALYZER_NUMBER_OBJECT_CONVERSION = YES_AGGRESSIVE;
				CLANG_CXX_LANGUAGE_STANDARD = "gnu++14";
				CLANG_CXX_LIBRARY = "libc++";
				CLANG_ENABLE_MODULES = YES;
				CLANG_ENABLE_OBJC_ARC = YES;
				CLANG_ENABLE_OBJC_WEAK = YES;
				CLANG_WARN_BLOCK_CAPTURE_AUTORELEASING = YES;
				CLANG_WARN_BOOL_CONVERSION = YES;
				CLANG_WARN_COMMA = YES;
				CLANG_WARN_CONSTANT_CONVERSION = YES;
				CLANG_WARN_DEPRECATED_OBJC_IMPLEMENTATIONS = YES;
				CLANG_WARN_DIRECT_OBJC_ISA_USAGE = YES_ERROR;
				CLANG_WARN_DOCUMENTATION_COMMENTS = YES;
				CLANG_WARN_EMPTY_BODY = YES;
				CLANG_WARN_ENUM_CONVERSION = YES;
				CLANG_WARN_INFINITE_RECURSION = YES;
				CLANG_WARN_INT_CONVERSION = YES;
				CLANG_WARN_NON_LITERAL_NULL_CONVERSION = YES;
				CLANG_WARN_OBJC_IMPLICIT_RETAIN_SELF = YES;
				CLANG_WARN_OBJC_LITERAL_CONVERSION = YES;
				CLANG_WARN_OBJC_ROOT_CLASS = YES_ERROR;
				CLANG_WARN_RANGE_LOOP_ANALYSIS = YES;
				CLANG_WARN_STRICT_PROTOTYPES = YES;
				CLANG_WARN_SUSPICIOUS_MOVE = YES;
				CLANG_WARN_UNGUARDED_AVAILABILITY = YES_AGGRESSIVE;
				CLANG_WARN_UNREACHABLE_CODE = YES;
				CLANG_WARN__DUPLICATE_METHOD_MATCH = YES;
				CODE_SIGN_IDENTITY = "iPhone Developer";
				COPY_PHASE_STRIP = NO;
				DEBUG_INFORMATION_FORMAT = dwarf;
				ENABLE_STRICT_OBJC_MSGSEND = YES;
				ENABLE_TESTABILITY = YES;
				GCC_C_LANGUAGE_STANDARD = gnu11;
				GCC_DYNAMIC_NO_PIC = NO;
				GCC_NO_COMMON_BLOCKS = YES;
				GCC_OPTIMIZATION_LEVEL = 0;
				GCC_PREPROCESSOR_DEFINITIONS = (
					"DEBUG=1",
					"$(inherited)",
				);
				GCC_WARN_64_TO_32_BIT_CONVERSION = YES;
				GCC_WARN_ABOUT_RETURN_TYPE = YES_ERROR;
				GCC_WARN_UNDECLARED_SELECTOR = YES;
				GCC_WARN_UNINITIALIZED_AUTOS = YES_AGGRESSIVE;
				GCC_WARN_UNUSED_FUNCTION = YES;
				GCC_WARN_UNUSED_VARIABLE = YES;
				IPHONEOS_DEPLOYMENT_TARGET = 11.3;
				MTL_ENABLE_DEBUG_INFO = YES;
				ONLY_ACTIVE_ARCH = YES;
				SDKROOT = iphoneos;
				SWIFT_ACTIVE_COMPILATION_CONDITIONS = DEBUG;
				SWIFT_OPTIMIZATION_LEVEL = "-Onone";
			};
			name = Debug;
		};
		8378BF1D207D979300193DBF /* Release */ = {
			isa = XCBuildConfiguration;
			buildSettings = {
				ALWAYS_SEARCH_USER_PATHS = NO;
				CLANG_ANALYZER_NONNULL = YES;
				CLANG_ANALYZER_NUMBER_OBJECT_CONVERSION = YES_AGGRESSIVE;
				CLANG_CXX_LANGUAGE_STANDARD = "gnu++14";
				CLANG_CXX_LIBRARY = "libc++";
				CLANG_ENABLE_MODULES = YES;
				CLANG_ENABLE_OBJC_ARC = YES;
				CLANG_ENABLE_OBJC_WEAK = YES;
				CLANG_WARN_BLOCK_CAPTURE_AUTORELEASING = YES;
				CLANG_WARN_BOOL_CONVERSION = YES;
				CLANG_WARN_COMMA = YES;
				CLANG_WARN_CONSTANT_CONVERSION = YES;
				CLANG_WARN_DEPRECATED_OBJC_IMPLEMENTATIONS = YES;
				CLANG_WARN_DIRECT_OBJC_ISA_USAGE = YES_ERROR;
				CLANG_WARN_DOCUMENTATION_COMMENTS = YES;
				CLANG_WARN_EMPTY_BODY = YES;
				CLANG_WARN_ENUM_CONVERSION = YES;
				CLANG_WARN_INFINITE_RECURSION = YES;
				CLANG_WARN_INT_CONVERSION = YES;
				CLANG_WARN_NON_LITERAL_NULL_CONVERSION = YES;
				CLANG_WARN_OBJC_IMPLICIT_RETAIN_SELF = YES;
				CLANG_WARN_OBJC_LITERAL_CONVERSION = YES;
				CLANG_WARN_OBJC_ROOT_CLASS = YES_ERROR;
				CLANG_WARN_RANGE_LOOP_ANALYSIS = YES;
				CLANG_WARN_STRICT_PROTOTYPES = YES;
				CLANG_WARN_SUSPICIOUS_MOVE = YES;
				CLANG_WARN_UNGUARDED_AVAILABILITY = YES_AGGRESSIVE;
				CLANG_WARN_UNREACHABLE_CODE = YES;
				CLANG_WARN__DUPLICATE_METHOD_MATCH = YES;
				CODE_SIGN_IDENTITY = "iPhone Developer";
				COPY_PHASE_STRIP = NO;
				DEBUG_INFORMATION_FORMAT = "dwarf-with-dsym";
				ENABLE_NS_ASSERTIONS = NO;
				ENABLE_STRICT_OBJC_MSGSEND = YES;
				GCC_C_LANGUAGE_STANDARD = gnu11;
				GCC_NO_COMMON_BLOCKS = YES;
				GCC_WARN_64_TO_32_BIT_CONVERSION = YES;
				GCC_WARN_ABOUT_RETURN_TYPE = YES_ERROR;
				GCC_WARN_UNDECLARED_SELECTOR = YES;
				GCC_WARN_UNINITIALIZED_AUTOS = YES_AGGRESSIVE;
				GCC_WARN_UNUSED_FUNCTION = YES;
				GCC_WARN_UNUSED_VARIABLE = YES;
				IPHONEOS_DEPLOYMENT_TARGET = 11.3;
				MTL_ENABLE_DEBUG_INFO = NO;
				SDKROOT = iphoneos;
				SWIFT_COMPILATION_MODE = wholemodule;
				SWIFT_OPTIMIZATION_LEVEL = "-O";
				VALIDATE_PRODUCT = YES;
			};
			name = Release;
		};
		8378BF1F207D979300193DBF /* Debug */ = {
			isa = XCBuildConfiguration;
			buildSettings = {
				ASSETCATALOG_COMPILER_APPICON_NAME = AppIcon;
				CODE_SIGN_STYLE = Automatic;
				DEVELOPMENT_TEAM = 44BM8BGXM6;
				INFOPLIST_FILE = "Onde Estou/Info.plist";
				LD_RUNPATH_SEARCH_PATHS = (
					"$(inherited)",
					"@executable_path/Frameworks",
				);
				PRODUCT_BUNDLE_IDENTIFIER = "com.costa.lins.Onde-Estou";
				PRODUCT_NAME = "$(TARGET_NAME)";
				SWIFT_VERSION = 4.0;
				TARGETED_DEVICE_FAMILY = "1,2";
			};
			name = Debug;
		};
		8378BF20207D979300193DBF /* Release */ = {
			isa = XCBuildConfiguration;
			buildSettings = {
				ASSETCATALOG_COMPILER_APPICON_NAME = AppIcon;
				CODE_SIGN_STYLE = Automatic;
				DEVELOPMENT_TEAM = 44BM8BGXM6;
				INFOPLIST_FILE = "Onde Estou/Info.plist";
				LD_RUNPATH_SEARCH_PATHS = (
					"$(inherited)",
					"@executable_path/Frameworks",
				);
				PRODUCT_BUNDLE_IDENTIFIER = "com.costa.lins.Onde-Estou";
				PRODUCT_NAME = "$(TARGET_NAME)";
				SWIFT_VERSION = 4.0;
				TARGETED_DEVICE_FAMILY = "1,2";
			};
			name = Release;
		};
/* End XCBuildConfiguration section */

/* Begin XCConfigurationList section */
		8378BF07207D979000193DBF /* Build configuration list for PBXProject "Onde Estou" */ = {
			isa = XCConfigurationList;
			buildConfigurations = (
				8378BF1C207D979300193DBF /* Debug */,
				8378BF1D207D979300193DBF /* Release */,
			);
			defaultConfigurationIsVisible = 0;
			defaultConfigurationName = Release;
		};
		8378BF1E207D979300193DBF /* Build configuration list for PBXNativeTarget "Onde Estou" */ = {
			isa = XCConfigurationList;
			buildConfigurations = (
				8378BF1F207D979300193DBF /* Debug */,
				8378BF20207D979300193DBF /* Release */,
			);
			defaultConfigurationIsVisible = 0;
			defaultConfigurationName = Release;
		};
/* End XCConfigurationList section */
	};
	rootObject = 8378BF04207D979000193DBF /* Project object */;
}
