// !$*UTF8*$!
{
	archiveVersion = 1;
	classes = {
	};
	objectVersion = 46;
	objects = {

/* Begin PBXBuildFile section */
		83B90C971DD1642E001B991A /* AppDelegate.swift in Sources */ = {isa = PBXBuildFile; fileRef = 83B90C961DD1642E001B991A /* AppDelegate.swift */; };
		83B90C991DD1642E001B991A /* ViewController.swift in Sources */ = {isa = PBXBuildFile; fileRef = 83B90C981DD1642E001B991A /* ViewController.swift */; };
		83B90C9C1DD1642E001B991A /* Main.storyboard in Resources */ = {isa = PBXBuildFile; fileRef = 83B90C9A1DD1642E001B991A /* Main.storyboard */; };
		83B90C9E1DD1642F001B991A /* Assets.xcassets in Resources */ = {isa = PBXBuildFile; fileRef = 83B90C9D1DD1642F001B991A /* Assets.xcassets */; };
		83B90CA11DD1642F001B991A /* LaunchScreen.storyboard in Resources */ = {isa = PBXBuildFile; fileRef = 83B90C9F1DD1642F001B991A /* LaunchScreen.storyboard */; };
/* End PBXBuildFile section */

/* Begin PBXFileReference section */
		83B90C931DD1642E001B991A /* eggplant-brownie.app */ = {isa = PBXFileReference; explicitFileType = wrapper.application; includeInIndex = 0; path = "eggplant-brownie.app"; sourceTree = BUILT_PRODUCTS_DIR; };
		83B90C961DD1642E001B991A /* AppDelegate.swift */ = {isa = PBXFileReference; lastKnownFileType = sourcecode.swift; path = AppDelegate.swift; sourceTree = "<group>"; };
		83B90C981DD1642E001B991A /* ViewController.swift */ = {isa = PBXFileReference; lastKnownFileType = sourcecode.swift; path = ViewController.swift; sourceTree = "<group>"; };
		83B90C9B1DD1642E001B991A /* Base */ = {isa = PBXFileReference; lastKnownFileType = file.storyboard; name = Base; path = Base.lproj/Main.storyboard; sourceTree = "<group>"; };
		83B90C9D1DD1642F001B991A /* Assets.xcassets */ = {isa = PBXFileReference; lastKnownFileType = folder.assetcatalog; path = Assets.xcassets; sourceTree = "<group>"; };
		83B90CA01DD1642F001B991A /* Base */ = {isa = PBXFileReference; lastKnownFileType = file.storyboard; name = Base; path = Base.lproj/LaunchScreen.storyboard; sourceTree = "<group>"; };
		83B90CA21DD1642F001B991A /* Info.plist */ = {isa = PBXFileReference; lastKnownFileType = text.plist.xml; path = Info.plist; sourceTree = "<group>"; };
/* End PBXFileReference section */

/* Begin PBXFrameworksBuildPhase section */
		83B90C901DD1642D001B991A /* Frameworks */ = {
			isa = PBXFrameworksBuildPhase;
			buildActionMask = 2147483647;
			files = (
			);
			runOnlyForDeploymentPostprocessing = 0;
		};
/* End PBXFrameworksBuildPhase section */

/* Begin PBXGroup section */
		83B90C8A1DD1642D001B991A = {
			isa = PBXGroup;
			children = (
				83B90C951DD1642E001B991A /* eggplant-brownie */,
				83B90C941DD1642E001B991A /* Products */,
			);
			sourceTree = "<group>";
		};
		83B90C941DD1642E001B991A /* Products */ = {
			isa = PBXGroup;
			children = (
				83B90C931DD1642E001B991A /* eggplant-brownie.app */,
			);
			name = Products;
			sourceTree = "<group>";
		};
		83B90C951DD1642E001B991A /* eggplant-brownie */ = {
			isa = PBXGroup;
			children = (
				83B90C961DD1642E001B991A /* AppDelegate.swift */,
				83B90C981DD1642E001B991A /* ViewController.swift */,
				83B90C9A1DD1642E001B991A /* Main.storyboard */,
				83B90C9D1DD1642F001B991A /* Assets.xcassets */,
				83B90C9F1DD1642F001B991A /* LaunchScreen.storyboard */,
				83B90CA21DD1642F001B991A /* Info.plist */,
			);
			path = "eggplant-brownie";
			sourceTree = "<group>";
		};
/* End PBXGroup section */

/* Begin PBXNativeTarget section */
		83B90C921DD1642D001B991A /* eggplant-brownie */ = {
			isa = PBXNativeTarget;
			buildConfigurationList = 83B90CA51DD1642F001B991A /* Build configuration list for PBXNativeTarget "eggplant-brownie" */;
			buildPhases = (
				83B90C8F1DD1642D001B991A /* Sources */,
				83B90C901DD1642D001B991A /* Frameworks */,
				83B90C911DD1642D001B991A /* Resources */,
			);
			buildRules = (
			);
			dependencies = (
			);
			name = "eggplant-brownie";
			productName = "eggplant-brownie";
			productReference = 83B90C931DD1642E001B991A /* eggplant-brownie.app */;
			productType = "com.apple.product-type.application";
		};
/* End PBXNativeTarget section */

/* Begin PBXProject section */
		83B90C8B1DD1642D001B991A /* Project object */ = {
			isa = PBXProject;
			attributes = {
				LastSwiftUpdateCheck = 0720;
				LastUpgradeCheck = 0720;
				ORGANIZATIONNAME = "Costa&LinsVinicius Costa";
				TargetAttributes = {
					83B90C921DD1642D001B991A = {
						CreatedOnToolsVersion = 7.2;
						DevelopmentTeam = RLK9N4H9MK;
					};
				};
			};
			buildConfigurationList = 83B90C8E1DD1642D001B991A /* Build configuration list for PBXProject "eggplant-brownie" */;
			compatibilityVersion = "Xcode 3.2";
			developmentRegion = English;
			hasScannedForEncodings = 0;
			knownRegions = (
				en,
				Base,
			);
			mainGroup = 83B90C8A1DD1642D001B991A;
			productRefGroup = 83B90C941DD1642E001B991A /* Products */;
			projectDirPath = "";
			projectRoot = "";
			targets = (
				83B90C921DD1642D001B991A /* eggplant-brownie */,
			);
		};
/* End PBXProject section */

/* Begin PBXResourcesBuildPhase section */
		83B90C911DD1642D001B991A /* Resources */ = {
			isa = PBXResourcesBuildPhase;
			buildActionMask = 2147483647;
			files = (
				83B90CA11DD1642F001B991A /* LaunchScreen.storyboard in Resources */,
				83B90C9E1DD1642F001B991A /* Assets.xcassets in Resources */,
				83B90C9C1DD1642E001B991A /* Main.storyboard in Resources */,
			);
			runOnlyForDeploymentPostprocessing = 0;
		};
/* End PBXResourcesBuildPhase section */

/* Begin PBXSourcesBuildPhase section */
		83B90C8F1DD1642D001B991A /* Sources */ = {
			isa = PBXSourcesBuildPhase;
			buildActionMask = 2147483647;
			files = (
				83B90C991DD1642E001B991A /* ViewController.swift in Sources */,
				83B90C971DD1642E001B991A /* AppDelegate.swift in Sources */,
			);
			runOnlyForDeploymentPostprocessing = 0;
		};
/* End PBXSourcesBuildPhase section */

/* Begin PBXVariantGroup section */
		83B90C9A1DD1642E001B991A /* Main.storyboard */ = {
			isa = PBXVariantGroup;
			children = (
				83B90C9B1DD1642E001B991A /* Base */,
			);
			name = Main.storyboard;
			sourceTree = "<group>";
		};
		83B90C9F1DD1642F001B991A /* LaunchScreen.storyboard */ = {
			isa = PBXVariantGroup;
			children = (
				83B90CA01DD1642F001B991A /* Base */,
			);
			name = LaunchScreen.storyboard;
			sourceTree = "<group>";
		};
/* End PBXVariantGroup section */

/* Begin XCBuildConfiguration section */
		83B90CA31DD1642F001B991A /* Debug */ = {
			isa = XCBuildConfiguration;
			buildSettings = {
				ALWAYS_SEARCH_USER_PATHS = NO;
				CLANG_CXX_LANGUAGE_STANDARD = "gnu++0x";
				CLANG_CXX_LIBRARY = "libc++";
				CLANG_ENABLE_MODULES = YES;
				CLANG_ENABLE_OBJC_ARC = YES;
				CLANG_WARN_BOOL_CONVERSION = YES;
				CLANG_WARN_CONSTANT_CONVERSION = YES;
				CLANG_WARN_DIRECT_OBJC_ISA_USAGE = YES_ERROR;
				CLANG_WARN_EMPTY_BODY = YES;
				CLANG_WARN_ENUM_CONVERSION = YES;
				CLANG_WARN_INT_CONVERSION = YES;
				CLANG_WARN_OBJC_ROOT_CLASS = YES_ERROR;
				CLANG_WARN_UNREACHABLE_CODE = YES;
				CLANG_WARN__DUPLICATE_METHOD_MATCH = YES;
				"CODE_SIGN_IDENTITY[sdk=iphoneos*]" = "iPhone Developer";
				COPY_PHASE_STRIP = NO;
				DEBUG_INFORMATION_FORMAT = dwarf;
				ENABLE_STRICT_OBJC_MSGSEND = YES;
				ENABLE_TESTABILITY = YES;
				GCC_C_LANGUAGE_STANDARD = gnu99;
				GCC_DYNAMIC_NO_PIC = NO;
				GCC_NO_COMMON_BLOCKS = YES;
				GCC_OPTIMIZATION_LEVEL = 0;
				GCC_PREPROCESSOR_DEFINITIONS = (
					"DEBUG=1",
					"$(inherited)",
				);
				GCC_WARN_64_TO_32_BIT_CONVERSION = YES;
				GCC_WARN_ABOUT_RETURN_TYPE = YES_ERROR;
				GCC_WARN_UNDECLARED_SELECTOR = YES;
				GCC_WARN_UNINITIALIZED_AUTOS = YES_AGGRESSIVE;
				GCC_WARN_UNUSED_FUNCTION = YES;
				GCC_WARN_UNUSED_VARIABLE = YES;
				IPHONEOS_DEPLOYMENT_TARGET = 9.2;
				MTL_ENABLE_DEBUG_INFO = YES;
				ONLY_ACTIVE_ARCH = YES;
				SDKROOT = iphoneos;
				SWIFT_OPTIMIZATION_LEVEL = "-Onone";
			};
			name = Debug;
		};
		83B90CA41DD1642F001B991A /* Release */ = {
			isa = XCBuildConfiguration;
			buildSettings = {
				ALWAYS_SEARCH_USER_PATHS = NO;
				CLANG_CXX_LANGUAGE_STANDARD = "gnu++0x";
				CLANG_CXX_LIBRARY = "libc++";
				CLANG_ENABLE_MODULES = YES;
				CLANG_ENABLE_OBJC_ARC = YES;
				CLANG_WARN_BOOL_CONVERSION = YES;
				CLANG_WARN_CONSTANT_CONVERSION = YES;
				CLANG_WARN_DIRECT_OBJC_ISA_USAGE = YES_ERROR;
				CLANG_WARN_EMPTY_BODY = YES;
				CLANG_WARN_ENUM_CONVERSION = YES;
				CLANG_WARN_INT_CONVERSION = YES;
				CLANG_WARN_OBJC_ROOT_CLASS = YES_ERROR;
				CLANG_WARN_UNREACHABLE_CODE = YES;
				CLANG_WARN__DUPLICATE_METHOD_MATCH = YES;
				"CODE_SIGN_IDENTITY[sdk=iphoneos*]" = "iPhone Developer";
				COPY_PHASE_STRIP = NO;
				DEBUG_INFORMATION_FORMAT = "dwarf-with-dsym";
				ENABLE_NS_ASSERTIONS = NO;
				ENABLE_STRICT_OBJC_MSGSEND = YES;
				GCC_C_LANGUAGE_STANDARD = gnu99;
				GCC_NO_COMMON_BLOCKS = YES;
				GCC_WARN_64_TO_32_BIT_CONVERSION = YES;
				GCC_WARN_ABOUT_RETURN_TYPE = YES_ERROR;
				GCC_WARN_UNDECLARED_SELECTOR = YES;
				GCC_WARN_UNINITIALIZED_AUTOS = YES_AGGRESSIVE;
				GCC_WARN_UNUSED_FUNCTION = YES;
				GCC_WARN_UNUSED_VARIABLE = YES;
				IPHONEOS_DEPLOYMENT_TARGET = 9.2;
				MTL_ENABLE_DEBUG_INFO = NO;
				SDKROOT = iphoneos;
				VALIDATE_PRODUCT = YES;
			};
			name = Release;
		};
		83B90CA61DD1642F001B991A /* Debug */ = {
			isa = XCBuildConfiguration;
			buildSettings = {
				ASSETCATALOG_COMPILER_APPICON_NAME = AppIcon;
				INFOPLIST_FILE = "eggplant-brownie/Info.plist";
				LD_RUNPATH_SEARCH_PATHS = "$(inherited) @executable_path/Frameworks";
				PRODUCT_BUNDLE_IDENTIFIER = "com.lins.eggplant-brownie";
				PRODUCT_NAME = "$(TARGET_NAME)";
			};
			name = Debug;
		};
		83B90CA71DD1642F001B991A /* Release */ = {
			isa = XCBuildConfiguration;
			buildSettings = {
				ASSETCATALOG_COMPILER_APPICON_NAME = AppIcon;
				INFOPLIST_FILE = "eggplant-brownie/Info.plist";
				LD_RUNPATH_SEARCH_PATHS = "$(inherited) @executable_path/Frameworks";
				PRODUCT_BUNDLE_IDENTIFIER = "com.lins.eggplant-brownie";
				PRODUCT_NAME = "$(TARGET_NAME)";
			};
			name = Release;
		};
/* End XCBuildConfiguration section */

/* Begin XCConfigurationList section */
		83B90C8E1DD1642D001B991A /* Build configuration list for PBXProject "eggplant-brownie" */ = {
			isa = XCConfigurationList;
			buildConfigurations = (
				83B90CA31DD1642F001B991A /* Debug */,
				83B90CA41DD1642F001B991A /* Release */,
			);
			defaultConfigurationIsVisible = 0;
			defaultConfigurationName = Release;
		};
		83B90CA51DD1642F001B991A /* Build configuration list for PBXNativeTarget "eggplant-brownie" */ = {
			isa = XCConfigurationList;
			buildConfigurations = (
				83B90CA61DD1642F001B991A /* Debug */,
				83B90CA71DD1642F001B991A /* Release */,
			);
			defaultConfigurationIsVisible = 0;
		};
/* End XCConfigurationList section */
	};
	rootObject = 83B90C8B1DD1642D001B991A /* Project object */;
}
