// !$*UTF8*$!
{
	archiveVersion = 1;
	classes = {
	};
	objectVersion = 48;
	objects = {

/* Begin PBXBuildFile section */
		832EE9F12038FE7500965300 /* AppDelegate.swift in Sources */ = {isa = PBXBuildFile; fileRef = 832EE9F02038FE7500965300 /* AppDelegate.swift */; };
		832EE9F32038FE7500965300 /* ViewController.swift in Sources */ = {isa = PBXBuildFile; fileRef = 832EE9F22038FE7500965300 /* ViewController.swift */; };
		832EE9F62038FE7500965300 /* Main.storyboard in Resources */ = {isa = PBXBuildFile; fileRef = 832EE9F42038FE7500965300 /* Main.storyboard */; };
		832EE9F82038FE7500965300 /* Assets.xcassets in Resources */ = {isa = PBXBuildFile; fileRef = 832EE9F72038FE7500965300 /* Assets.xcassets */; };
		832EE9FB2038FE7600965300 /* LaunchScreen.storyboard in Resources */ = {isa = PBXBuildFile; fileRef = 832EE9F92038FE7600965300 /* LaunchScreen.storyboard */; };
		832EEA032038FF4D00965300 /* Filme.swift in Sources */ = {isa = PBXBuildFile; fileRef = 832EEA022038FF4D00965300 /* Filme.swift */; };
		832EEA05203909BD00965300 /* FilmeCelula.swift in Sources */ = {isa = PBXBuildFile; fileRef = 832EEA04203909BD00965300 /* FilmeCelula.swift */; };
		839713F7204DF9EC007C19BD /* DetalhesFilmeViewController.swift in Sources */ = {isa = PBXBuildFile; fileRef = 839713F6204DF9EC007C19BD /* DetalhesFilmeViewController.swift */; };
/* End PBXBuildFile section */

/* Begin PBXFileReference section */
		832EE9ED2038FE7500965300 /* Meus Filmes.app */ = {isa = PBXFileReference; explicitFileType = wrapper.application; includeInIndex = 0; path = "Meus Filmes.app"; sourceTree = BUILT_PRODUCTS_DIR; };
		832EE9F02038FE7500965300 /* AppDelegate.swift */ = {isa = PBXFileReference; lastKnownFileType = sourcecode.swift; path = AppDelegate.swift; sourceTree = "<group>"; };
		832EE9F22038FE7500965300 /* ViewController.swift */ = {isa = PBXFileReference; lastKnownFileType = sourcecode.swift; path = ViewController.swift; sourceTree = "<group>"; };
		832EE9F52038FE7500965300 /* Base */ = {isa = PBXFileReference; lastKnownFileType = file.storyboard; name = Base; path = Base.lproj/Main.storyboard; sourceTree = "<group>"; };
		832EE9F72038FE7500965300 /* Assets.xcassets */ = {isa = PBXFileReference; lastKnownFileType = folder.assetcatalog; path = Assets.xcassets; sourceTree = "<group>"; };
		832EE9FA2038FE7600965300 /* Base */ = {isa = PBXFileReference; lastKnownFileType = file.storyboard; name = Base; path = Base.lproj/LaunchScreen.storyboard; sourceTree = "<group>"; };
		832EE9FC2038FE7600965300 /* Info.plist */ = {isa = PBXFileReference; lastKnownFileType = text.plist.xml; path = Info.plist; sourceTree = "<group>"; };
		832EEA022038FF4D00965300 /* Filme.swift */ = {isa = PBXFileReference; lastKnownFileType = sourcecode.swift; path = Filme.swift; sourceTree = "<group>"; };
		832EEA04203909BD00965300 /* FilmeCelula.swift */ = {isa = PBXFileReference; lastKnownFileType = sourcecode.swift; path = FilmeCelula.swift; sourceTree = "<group>"; };
		839713F6204DF9EC007C19BD /* DetalhesFilmeViewController.swift */ = {isa = PBXFileReference; lastKnownFileType = sourcecode.swift; path = DetalhesFilmeViewController.swift; sourceTree = "<group>"; };
/* End PBXFileReference section */

/* Begin PBXFrameworksBuildPhase section */
		832EE9EA2038FE7400965300 /* Frameworks */ = {
			isa = PBXFrameworksBuildPhase;
			buildActionMask = 2147483647;
			files = (
			);
			runOnlyForDeploymentPostprocessing = 0;
		};
/* End PBXFrameworksBuildPhase section */

/* Begin PBXGroup section */
		832EE9E42038FE7400965300 = {
			isa = PBXGroup;
			children = (
				832EE9EF2038FE7500965300 /* Meus Filmes */,
				832EE9EE2038FE7500965300 /* Products */,
			);
			sourceTree = "<group>";
		};
		832EE9EE2038FE7500965300 /* Products */ = {
			isa = PBXGroup;
			children = (
				832EE9ED2038FE7500965300 /* Meus Filmes.app */,
			);
			name = Products;
			sourceTree = "<group>";
		};
		832EE9EF2038FE7500965300 /* Meus Filmes */ = {
			isa = PBXGroup;
			children = (
				832EE9F02038FE7500965300 /* AppDelegate.swift */,
				832EE9F22038FE7500965300 /* ViewController.swift */,
				832EEA022038FF4D00965300 /* Filme.swift */,
				832EE9F42038FE7500965300 /* Main.storyboard */,
				832EEA04203909BD00965300 /* FilmeCelula.swift */,
				832EE9F72038FE7500965300 /* Assets.xcassets */,
				832EE9F92038FE7600965300 /* LaunchScreen.storyboard */,
				832EE9FC2038FE7600965300 /* Info.plist */,
				839713F6204DF9EC007C19BD /* DetalhesFilmeViewController.swift */,
			);
			path = "Meus Filmes";
			sourceTree = "<group>";
		};
/* End PBXGroup section */

/* Begin PBXNativeTarget section */
		832EE9EC2038FE7400965300 /* Meus Filmes */ = {
			isa = PBXNativeTarget;
			buildConfigurationList = 832EE9FF2038FE7600965300 /* Build configuration list for PBXNativeTarget "Meus Filmes" */;
			buildPhases = (
				832EE9E92038FE7400965300 /* Sources */,
				832EE9EA2038FE7400965300 /* Frameworks */,
				832EE9EB2038FE7400965300 /* Resources */,
			);
			buildRules = (
			);
			dependencies = (
			);
			name = "Meus Filmes";
			productName = "Meus Filmes";
			productReference = 832EE9ED2038FE7500965300 /* Meus Filmes.app */;
			productType = "com.apple.product-type.application";
		};
/* End PBXNativeTarget section */

/* Begin PBXProject section */
		832EE9E52038FE7400965300 /* Project object */ = {
			isa = PBXProject;
			attributes = {
				LastSwiftUpdateCheck = 0920;
				LastUpgradeCheck = 0920;
				ORGANIZATIONNAME = "Costa&Lins";
				TargetAttributes = {
					832EE9EC2038FE7400965300 = {
						CreatedOnToolsVersion = 9.2;
						ProvisioningStyle = Automatic;
					};
				};
			};
			buildConfigurationList = 832EE9E82038FE7400965300 /* Build configuration list for PBXProject "Meus Filmes" */;
			compatibilityVersion = "Xcode 8.0";
			developmentRegion = en;
			hasScannedForEncodings = 0;
			knownRegions = (
				en,
				Base,
			);
			mainGroup = 832EE9E42038FE7400965300;
			productRefGroup = 832EE9EE2038FE7500965300 /* Products */;
			projectDirPath = "";
			projectRoot = "";
			targets = (
				832EE9EC2038FE7400965300 /* Meus Filmes */,
			);
		};
/* End PBXProject section */

/* Begin PBXResourcesBuildPhase section */
		832EE9EB2038FE7400965300 /* Resources */ = {
			isa = PBXResourcesBuildPhase;
			buildActionMask = 2147483647;
			files = (
				832EE9FB2038FE7600965300 /* LaunchScreen.storyboard in Resources */,
				832EE9F82038FE7500965300 /* Assets.xcassets in Resources */,
				832EE9F62038FE7500965300 /* Main.storyboard in Resources */,
			);
			runOnlyForDeploymentPostprocessing = 0;
		};
/* End PBXResourcesBuildPhase section */

/* Begin PBXSourcesBuildPhase section */
		832EE9E92038FE7400965300 /* Sources */ = {
			isa = PBXSourcesBuildPhase;
			buildActionMask = 2147483647;
			files = (
				832EE9F32038FE7500965300 /* ViewController.swift in Sources */,
				832EEA032038FF4D00965300 /* Filme.swift in Sources */,
				839713F7204DF9EC007C19BD /* DetalhesFilmeViewController.swift in Sources */,
				832EE9F12038FE7500965300 /* AppDelegate.swift in Sources */,
				832EEA05203909BD00965300 /* FilmeCelula.swift in Sources */,
			);
			runOnlyForDeploymentPostprocessing = 0;
		};
/* End PBXSourcesBuildPhase section */

/* Begin PBXVariantGroup section */
		832EE9F42038FE7500965300 /* Main.storyboard */ = {
			isa = PBXVariantGroup;
			children = (
				832EE9F52038FE7500965300 /* Base */,
			);
			name = Main.storyboard;
			sourceTree = "<group>";
		};
		832EE9F92038FE7600965300 /* LaunchScreen.storyboard */ = {
			isa = PBXVariantGroup;
			children = (
				832EE9FA2038FE7600965300 /* Base */,
			);
			name = LaunchScreen.storyboard;
			sourceTree = "<group>";
		};
/* End PBXVariantGroup section */

/* Begin XCBuildConfiguration section */
		832EE9FD2038FE7600965300 /* Debug */ = {
			isa = XCBuildConfiguration;
			buildSettings = {
				ALWAYS_SEARCH_USER_PATHS = NO;
				CLANG_ANALYZER_NONNULL = YES;
				CLANG_ANALYZER_NUMBER_OBJECT_CONVERSION = YES_AGGRESSIVE;
				CLANG_CXX_LANGUAGE_STANDARD = "gnu++14";
				CLANG_CXX_LIBRARY = "libc++";
				CLANG_ENABLE_MODULES = YES;
				CLANG_ENABLE_OBJC_ARC = YES;
				CLANG_WARN_BLOCK_CAPTURE_AUTORELEASING = YES;
				CLANG_WARN_BOOL_CONVERSION = YES;
				CLANG_WARN_COMMA = YES;
				CLANG_WARN_CONSTANT_CONVERSION = YES;
				CLANG_WARN_DIRECT_OBJC_ISA_USAGE = YES_ERROR;
				CLANG_WARN_DOCUMENTATION_COMMENTS = YES;
				CLANG_WARN_EMPTY_BODY = YES;
				CLANG_WARN_ENUM_CONVERSION = YES;
				CLANG_WARN_INFINITE_RECURSION = YES;
				CLANG_WARN_INT_CONVERSION = YES;
				CLANG_WARN_NON_LITERAL_NULL_CONVERSION = YES;
				CLANG_WARN_OBJC_LITERAL_CONVERSION = YES;
				CLANG_WARN_OBJC_ROOT_CLASS = YES_ERROR;
				CLANG_WARN_RANGE_LOOP_ANALYSIS = YES;
				CLANG_WARN_STRICT_PROTOTYPES = YES;
				CLANG_WARN_SUSPICIOUS_MOVE = YES;
				CLANG_WARN_UNGUARDED_AVAILABILITY = YES_AGGRESSIVE;
				CLANG_WARN_UNREACHABLE_CODE = YES;
				CLANG_WARN__DUPLICATE_METHOD_MATCH = YES;
				CODE_SIGN_IDENTITY = "iPhone Developer";
				COPY_PHASE_STRIP = NO;
				DEBUG_INFORMATION_FORMAT = dwarf;
				ENABLE_STRICT_OBJC_MSGSEND = YES;
				ENABLE_TESTABILITY = YES;
				GCC_C_LANGUAGE_STANDARD = gnu11;
				GCC_DYNAMIC_NO_PIC = NO;
				GCC_NO_COMMON_BLOCKS = YES;
				GCC_OPTIMIZATION_LEVEL = 0;
				GCC_PREPROCESSOR_DEFINITIONS = (
					"DEBUG=1",
					"$(inherited)",
				);
				GCC_WARN_64_TO_32_BIT_CONVERSION = YES;
				GCC_WARN_ABOUT_RETURN_TYPE = YES_ERROR;
				GCC_WARN_UNDECLARED_SELECTOR = YES;
				GCC_WARN_UNINITIALIZED_AUTOS = YES_AGGRESSIVE;
				GCC_WARN_UNUSED_FUNCTION = YES;
				GCC_WARN_UNUSED_VARIABLE = YES;
				IPHONEOS_DEPLOYMENT_TARGET = 11.2;
				MTL_ENABLE_DEBUG_INFO = YES;
				ONLY_ACTIVE_ARCH = YES;
				SDKROOT = iphoneos;
				SWIFT_ACTIVE_COMPILATION_CONDITIONS = DEBUG;
				SWIFT_OPTIMIZATION_LEVEL = "-Onone";
			};
			name = Debug;
		};
		832EE9FE2038FE7600965300 /* Release */ = {
			isa = XCBuildConfiguration;
			buildSettings = {
				ALWAYS_SEARCH_USER_PATHS = NO;
				CLANG_ANALYZER_NONNULL = YES;
				CLANG_ANALYZER_NUMBER_OBJECT_CONVERSION = YES_AGGRESSIVE;
				CLANG_CXX_LANGUAGE_STANDARD = "gnu++14";
				CLANG_CXX_LIBRARY = "libc++";
				CLANG_ENABLE_MODULES = YES;
				CLANG_ENABLE_OBJC_ARC = YES;
				CLANG_WARN_BLOCK_CAPTURE_AUTORELEASING = YES;
				CLANG_WARN_BOOL_CONVERSION = YES;
				CLANG_WARN_COMMA = YES;
				CLANG_WARN_CONSTANT_CONVERSION = YES;
				CLANG_WARN_DIRECT_OBJC_ISA_USAGE = YES_ERROR;
				CLANG_WARN_DOCUMENTATION_COMMENTS = YES;
				CLANG_WARN_EMPTY_BODY = YES;
				CLANG_WARN_ENUM_CONVERSION = YES;
				CLANG_WARN_INFINITE_RECURSION = YES;
				CLANG_WARN_INT_CONVERSION = YES;
				CLANG_WARN_NON_LITERAL_NULL_CONVERSION = YES;
				CLANG_WARN_OBJC_LITERAL_CONVERSION = YES;
				CLANG_WARN_OBJC_ROOT_CLASS = YES_ERROR;
				CLANG_WARN_RANGE_LOOP_ANALYSIS = YES;
				CLANG_WARN_STRICT_PROTOTYPES = YES;
				CLANG_WARN_SUSPICIOUS_MOVE = YES;
				CLANG_WARN_UNGUARDED_AVAILABILITY = YES_AGGRESSIVE;
				CLANG_WARN_UNREACHABLE_CODE = YES;
				CLANG_WARN__DUPLICATE_METHOD_MATCH = YES;
				CODE_SIGN_IDENTITY = "iPhone Developer";
				COPY_PHASE_STRIP = NO;
				DEBUG_INFORMATION_FORMAT = "dwarf-with-dsym";
				ENABLE_NS_ASSERTIONS = NO;
				ENABLE_STRICT_OBJC_MSGSEND = YES;
				GCC_C_LANGUAGE_STANDARD = gnu11;
				GCC_NO_COMMON_BLOCKS = YES;
				GCC_WARN_64_TO_32_BIT_CONVERSION = YES;
				GCC_WARN_ABOUT_RETURN_TYPE = YES_ERROR;
				GCC_WARN_UNDECLARED_SELECTOR = YES;
				GCC_WARN_UNINITIALIZED_AUTOS = YES_AGGRESSIVE;
				GCC_WARN_UNUSED_FUNCTION = YES;
				GCC_WARN_UNUSED_VARIABLE = YES;
				IPHONEOS_DEPLOYMENT_TARGET = 11.2;
				MTL_ENABLE_DEBUG_INFO = NO;
				SDKROOT = iphoneos;
				SWIFT_OPTIMIZATION_LEVEL = "-Owholemodule";
				VALIDATE_PRODUCT = YES;
			};
			name = Release;
		};
		832EEA002038FE7600965300 /* Debug */ = {
			isa = XCBuildConfiguration;
			buildSettings = {
				ASSETCATALOG_COMPILER_APPICON_NAME = AppIcon;
				CODE_SIGN_STYLE = Automatic;
				INFOPLIST_FILE = "Meus Filmes/Info.plist";
				LD_RUNPATH_SEARCH_PATHS = "$(inherited) @executable_path/Frameworks";
				PRODUCT_BUNDLE_IDENTIFIER = "com.lins.Meus-Filmes";
				PRODUCT_NAME = "$(TARGET_NAME)";
				SWIFT_VERSION = 4.0;
				TARGETED_DEVICE_FAMILY = 1;
			};
			name = Debug;
		};
		832EEA012038FE7600965300 /* Release */ = {
			isa = XCBuildConfiguration;
			buildSettings = {
				ASSETCATALOG_COMPILER_APPICON_NAME = AppIcon;
				CODE_SIGN_STYLE = Automatic;
				INFOPLIST_FILE = "Meus Filmes/Info.plist";
				LD_RUNPATH_SEARCH_PATHS = "$(inherited) @executable_path/Frameworks";
				PRODUCT_BUNDLE_IDENTIFIER = "com.lins.Meus-Filmes";
				PRODUCT_NAME = "$(TARGET_NAME)";
				SWIFT_VERSION = 4.0;
				TARGETED_DEVICE_FAMILY = 1;
			};
			name = Release;
		};
/* End XCBuildConfiguration section */

/* Begin XCConfigurationList section */
		832EE9E82038FE7400965300 /* Build configuration list for PBXProject "Meus Filmes" */ = {
			isa = XCConfigurationList;
			buildConfigurations = (
				832EE9FD2038FE7600965300 /* Debug */,
				832EE9FE2038FE7600965300 /* Release */,
			);
			defaultConfigurationIsVisible = 0;
			defaultConfigurationName = Release;
		};
		832EE9FF2038FE7600965300 /* Build configuration list for PBXNativeTarget "Meus Filmes" */ = {
			isa = XCConfigurationList;
			buildConfigurations = (
				832EEA002038FE7600965300 /* Debug */,
				832EEA012038FE7600965300 /* Release */,
			);
			defaultConfigurationIsVisible = 0;
			defaultConfigurationName = Release;
		};
/* End XCConfigurationList section */
	};
	rootObject = 832EE9E52038FE7400965300 /* Project object */;
}
